
Microsoft Visual Studio Solution File, Format Version 12.00
# Visual Studio 15
VisualStudioVersion = 15.0.27130.2027
MinimumVisualStudioVersion = 10.0.40219.1
Project("{8BC9CEB8-8B4A-11D0-8D11-00A0C91BC942}") = "TextAdventureEngine", "TextAdventureEngine\TextAdventureEngine.vcxproj", "{760C8B50-31C8-45FE-89BC-D02E2DF69597}"
EndProject
Global
	GlobalSection(SolutionConfigurationPlatforms) = preSolution
		Debug - [Tool] Dialogue Editor|x64 = Debug - [Tool] Dialogue Editor|x64
		Debug - [Tool] Dialogue Editor|x86 = Debug - [Tool] Dialogue Editor|x86
		Debug - [Tool] Scene Editor|x64 = Debug - [Tool] Scene Editor|x64
		Debug - [Tool] Scene Editor|x86 = Debug - [Tool] Scene Editor|x86
		Debug|x64 = Debug|x64
		Debug|x86 = Debug|x86
		Release - [Tool] Dialogue Editor|x64 = Release - [Tool] Dialogue Editor|x64
		Release - [Tool] Dialogue Editor|x86 = Release - [Tool] Dialogue Editor|x86
		Release|x64 = Release|x64
		Release|x86 = Release|x86
	EndGlobalSection
	GlobalSection(ProjectConfigurationPlatforms) = postSolution
		{760C8B50-31C8-45FE-89BC-D02E2DF69597}.Debug - [Tool] Dialogue Editor|x64.ActiveCfg = Debug - [Tool] Dialogue Editor|Win32
		{760C8B50-31C8-45FE-89BC-D02E2DF69597}.Debug - [Tool] Dialogue Editor|x64.Build.0 = Debug - [Tool] Dialogue Editor|Win32
		{760C8B50-31C8-45FE-89BC-D02E2DF69597}.Debug - [Tool] Dialogue Editor|x86.ActiveCfg = Debug - [Tool] Dialogue Editor|Win32
		{760C8B50-31C8-45FE-89BC-D02E2DF69597}.Debug - [Tool] Dialogue Editor|x86.Build.0 = Debug - [Tool] Dialogue Editor|Win32
		{760C8B50-31C8-45FE-89BC-D02E2DF69597}.Debug - [Tool] Scene Editor|x64.ActiveCfg = Debug - [Tool] Dialogue Editor|Win32
		{760C8B50-31C8-45FE-89BC-D02E2DF69597}.Debug - [Tool] Scene Editor|x64.Build.0 = Debug - [Tool] Dialogue Editor|Win32
		{760C8B50-31C8-45FE-89BC-D02E2DF69597}.Debug - [Tool] Scene Editor|x86.ActiveCfg = Debug - [Tool] Scene Editor|Win32
		{760C8B50-31C8-45FE-89BC-D02E2DF69597}.Debug - [Tool] Scene Editor|x86.Build.0 = Debug - [Tool] Scene Editor|Win32
		{760C8B50-31C8-45FE-89BC-D02E2DF69597}.Debug|x64.ActiveCfg = Debug - [Tool] Dialogue Editor|Win32
		{760C8B50-31C8-45FE-89BC-D02E2DF69597}.Debug|x64.Build.0 = Debug - [Tool] Dialogue Editor|Win32
		{760C8B50-31C8-45FE-89BC-D02E2DF69597}.Debug|x86.ActiveCfg = Debug|Win32
		{760C8B50-31C8-45FE-89BC-D02E2DF69597}.Debug|x86.Build.0 = Debug|Win32
		{760C8B50-31C8-45FE-89BC-D02E2DF69597}.Release - [Tool] Dialogue Editor|x64.ActiveCfg = Debug - [Tool] Dialogue Editor|Win32
		{760C8B50-31C8-45FE-89BC-D02E2DF69597}.Release - [Tool] Dialogue Editor|x64.Build.0 = Debug - [Tool] Dialogue Editor|Win32
		{760C8B50-31C8-45FE-89BC-D02E2DF69597}.Release - [Tool] Dialogue Editor|x86.ActiveCfg = Release - [Tool] Dialogue Editor|Win32
		{760C8B50-31C8-45FE-89BC-D02E2DF69597}.Release - [Tool] Dialogue Editor|x86.Build.0 = Release - [Tool] Dialogue Editor|Win32
		{760C8B50-31C8-45FE-89BC-D02E2DF69597}.Release|x64.ActiveCfg = Debug - [Tool] Dialogue Editor|Win32
		{760C8B50-31C8-45FE-89BC-D02E2DF69597}.Release|x64.Build.0 = Debug - [Tool] Dialogue Editor|Win32
		{760C8B50-31C8-45FE-89BC-D02E2DF69597}.Release|x86.ActiveCfg = Release|Win32
		{760C8B50-31C8-45FE-89BC-D02E2DF69597}.Release|x86.Build.0 = Release|Win32
	EndGlobalSection
	GlobalSection(SolutionProperties) = preSolution
		HideSolutionNode = FALSE
	EndGlobalSection
	GlobalSection(ExtensibilityGlobals) = postSolution
		SolutionGuid = {44D1E9AA-D195-43A8-BA1E-D1D3BCAE09C1}
	EndGlobalSection
EndGlobal
