<?xml version="1.0" encoding="utf-8"?>
<Project ToolsVersion="4.0" xmlns="http://schemas.microsoft.com/developer/msbuild/2003">
  <ItemGroup>
    <Filter Include="Source Files">
      <UniqueIdentifier>{4FC737F1-C7A5-4376-A066-2A32D752A2FF}</UniqueIdentifier>
      <Extensions>cpp;c;cc;cxx;def;odl;idl;hpj;bat;asm;asmx</Extensions>
    </Filter>
    <Filter Include="Header Files">
      <UniqueIdentifier>{93995380-89BD-4b04-88EB-625FBE52EBFB}</UniqueIdentifier>
      <Extensions>h;hh;hpp;hxx;hm;inl;inc;xsd</Extensions>
    </Filter>
    <Filter Include="Resource Files">
      <UniqueIdentifier>{67DA6AB6-F800-4c08-8B7A-83BB121AAD01}</UniqueIdentifier>
      <Extensions>rc;ico;cur;bmp;dlg;rc2;rct;bin;rgs;gif;jpg;jpeg;jpe;resx;tiff;tif;png;wav;mfcribbon-ms</Extensions>
    </Filter>
  </ItemGroup>
  <ItemGroup>
    <ClCompile Include="Codebase\NeuroEngine\Framework\AI\Path\NavFlowField.cpp">
      <Filter>Source Files</Filter>
    </ClCompile>
    <ClCompile Include="Codebase\NeuroEngine\Framework\Audio\AudioManager.cpp">
      <Filter>Source Files</Filter>
    </ClCompile>
    <ClCompile Include="Codebase\NeuroEngine\Framework\Compute\ComputeManager.cpp">
      <Filter>Source Files</Filter>
    </ClCompile>
    <ClCompile Include="Codebase\NeuroEngine\Framework\Console\ConsoleManager.cpp">
      <Filter>Source Files</Filter>
    </ClCompile>
    <ClCompile Include="Codebase\NeuroEngine\Framework\Console\ICommand.cpp">
      <Filter>Source Files</Filter>
    </ClCompile>
    <ClCompile Include="Codebase\NeuroEngine\Framework\Containers\CString.cpp">
      <Filter>Source Files</Filter>
    </ClCompile>
    <ClCompile Include="Codebase\NeuroEngine\Framework\Containers\DataStream.cpp">
      <Filter>Source Files</Filter>
    </ClCompile>
    <ClCompile Include="Codebase\NeuroEngine\Framework\Containers\WString.cpp">
      <Filter>Source Files</Filter>
    </ClCompile>
    <ClCompile Include="Codebase\NeuroEngine\Framework\Data\Compression\CompressionManager.cpp">
      <Filter>Source Files</Filter>
    </ClCompile>
    <ClCompile Include="Codebase\NeuroEngine\Framework\Data\String\StringManager.cpp">
      <Filter>Source Files</Filter>
    </ClCompile>
    <ClCompile Include="Codebase\NeuroEngine\Framework\Data\String\StringTable.cpp">
      <Filter>Source Files</Filter>
    </ClCompile>
    <ClCompile Include="Codebase\NeuroEngine\Framework\Data\Xml\XmlManager.cpp">
      <Filter>Source Files</Filter>
    </ClCompile>
    <ClCompile Include="Codebase\NeuroEngine\Framework\Data\Xml\XmlObject.cpp">
      <Filter>Source Files</Filter>
    </ClCompile>
    <ClCompile Include="Codebase\NeuroEngine\Framework\File\Save\SaveManager.cpp">
      <Filter>Source Files</Filter>
    </ClCompile>
    <ClCompile Include="Codebase\NeuroEngine\Framework\File\FileManager.cpp">
      <Filter>Source Files</Filter>
    </ClCompile>
    <ClCompile Include="Codebase\NeuroEngine\Framework\Graphics\Filter\GaussianBlurFilter.cpp">
      <Filter>Source Files</Filter>
    </ClCompile>
    <ClCompile Include="Codebase\NeuroEngine\Framework\Graphics\Filter\ImageFilterManager.cpp">
      <Filter>Source Files</Filter>
    </ClCompile>
    <ClCompile Include="Codebase\NeuroEngine\Framework\Graphics\GL\GLDraw.cpp">
      <Filter>Source Files</Filter>
    </ClCompile>
    <ClCompile Include="Codebase\NeuroEngine\Framework\Graphics\GL\GLMesh.cpp">
      <Filter>Source Files</Filter>
    </ClCompile>
    <ClCompile Include="Codebase\NeuroEngine\Framework\Graphics\GL\GLMeshIndexed.cpp">
      <Filter>Source Files</Filter>
    </ClCompile>
    <ClCompile Include="Codebase\NeuroEngine\Framework\Graphics\GL\GLRenderTexture.cpp">
      <Filter>Source Files</Filter>
    </ClCompile>
    <ClCompile Include="Codebase\NeuroEngine\Framework\Graphics\GL\GLShader.cpp">
      <Filter>Source Files</Filter>
    </ClCompile>
    <ClCompile Include="Codebase\NeuroEngine\Framework\Graphics\GL\GLTexture.cpp">
      <Filter>Source Files</Filter>
    </ClCompile>
    <ClCompile Include="Codebase\NeuroEngine\Framework\Graphics\Particles\Emitter.cpp">
      <Filter>Source Files</Filter>
    </ClCompile>
    <ClCompile Include="Codebase\NeuroEngine\Framework\Graphics\Particles\ParticleSystem.cpp">
      <Filter>Source Files</Filter>
    </ClCompile>
    <ClCompile Include="Codebase\NeuroEngine\Framework\Graphics\Vector\VectorEllipse.cpp">
      <Filter>Source Files</Filter>
    </ClCompile>
    <ClCompile Include="Codebase\NeuroEngine\Framework\Graphics\Vector\VectorGraphic.cpp">
      <Filter>Source Files</Filter>
    </ClCompile>
    <ClCompile Include="Codebase\NeuroEngine\Framework\Graphics\Vector\VectorShape.cpp">
      <Filter>Source Files</Filter>
    </ClCompile>
    <ClCompile Include="Codebase\NeuroEngine\Framework\Graphics\GraphicsManager.cpp">
      <Filter>Source Files</Filter>
    </ClCompile>
    <ClCompile Include="Codebase\NeuroEngine\Framework\Graphics\NineSpriteSheet.cpp">
      <Filter>Source Files</Filter>
    </ClCompile>
    <ClCompile Include="Codebase\NeuroEngine\Framework\Graphics\SpriteSheet.cpp">
      <Filter>Source Files</Filter>
    </ClCompile>
    <ClCompile Include="Codebase\NeuroEngine\Framework\Graphics\VertexBuffer.cpp">
      <Filter>Source Files</Filter>
    </ClCompile>
    <ClCompile Include="Codebase\NeuroEngine\Framework\Input\CommandLineManager.cpp">
      <Filter>Source Files</Filter>
    </ClCompile>
    <ClCompile Include="Codebase\NeuroEngine\Framework\Input\InputManager.cpp">
      <Filter>Source Files</Filter>
    </ClCompile>
    <ClCompile Include="Codebase\NeuroEngine\Framework\Math\Colour\Colour.cpp">
      <Filter>Source Files</Filter>
    </ClCompile>
    <ClCompile Include="Codebase\NeuroEngine\Framework\Math\Curve\Bezier.cpp">
      <Filter>Source Files</Filter>
    </ClCompile>
    <ClCompile Include="Codebase\NeuroEngine\Framework\Math\Linear\Vector2.cpp">
      <Filter>Source Files</Filter>
    </ClCompile>
    <ClCompile Include="Codebase\NeuroEngine\Framework\Math\Math.cpp">
      <Filter>Source Files</Filter>
    </ClCompile>
    <ClCompile Include="Codebase\NeuroEngine\Framework\Math\RandomRange.cpp">
      <Filter>Source Files</Filter>
    </ClCompile>
    <ClCompile Include="Codebase\NeuroEngine\Framework\Physics\RectilinearPhysicsSystem.cpp">
      <Filter>Source Files</Filter>
    </ClCompile>
    <ClCompile Include="Codebase\NeuroEngine\Framework\Procedural\Maze.cpp">
      <Filter>Source Files</Filter>
    </ClCompile>
    <ClCompile Include="Codebase\NeuroEngine\Framework\Template\Cloneable.hpp">
      <Filter>Source Files</Filter>
    </ClCompile>
    <ClCompile Include="Codebase\NeuroEngine\Framework\Thread\ConditionVariable.cpp">
      <Filter>Source Files</Filter>
    </ClCompile>
    <ClCompile Include="Codebase\NeuroEngine\Framework\Thread\Mutex.cpp">
      <Filter>Source Files</Filter>
    </ClCompile>
    <ClCompile Include="Codebase\NeuroEngine\Framework\Thread\ThreadManager.cpp">
      <Filter>Source Files</Filter>
    </ClCompile>
    <ClCompile Include="Codebase\NeuroEngine\Framework\Time\Time.cpp">
      <Filter>Source Files</Filter>
    </ClCompile>
    <ClCompile Include="Codebase\NeuroEngine\Framework\Time\TimePoint.cpp">
      <Filter>Source Files</Filter>
    </ClCompile>
    <ClCompile Include="Codebase\NeuroEngine\Framework\Time\Timer.cpp">
      <Filter>Source Files</Filter>
    </ClCompile>
    <ClCompile Include="Codebase\NeuroEngine\Framework\UI\Pages\PageConsole.cpp">
      <Filter>Source Files</Filter>
    </ClCompile>
    <ClCompile Include="Codebase\NeuroEngine\Framework\UI\Views\ViewButton.cpp">
      <Filter>Source Files</Filter>
    </ClCompile>
    <ClCompile Include="Codebase\NeuroEngine\Framework\UI\Views\ViewColour.cpp">
      <Filter>Source Files</Filter>
    </ClCompile>
    <ClCompile Include="Codebase\NeuroEngine\Framework\UI\Views\ViewDraggable.cpp">
      <Filter>Source Files</Filter>
    </ClCompile>
    <ClCompile Include="Codebase\NeuroEngine\Framework\UI\Views\ViewDropTarget.cpp">
      <Filter>Source Files</Filter>
    </ClCompile>
    <ClCompile Include="Codebase\NeuroEngine\Framework\UI\Views\ViewFlyoutMenu.cpp">
      <Filter>Source Files</Filter>
    </ClCompile>
    <ClCompile Include="Codebase\NeuroEngine\Framework\UI\Views\ViewListSelector.cpp">
      <Filter>Source Files</Filter>
    </ClCompile>
    <ClCompile Include="Codebase\NeuroEngine\Framework\UI\Views\ViewRectangles.cpp">
      <Filter>Source Files</Filter>
    </ClCompile>
    <ClCompile Include="Codebase\NeuroEngine\Framework\UI\Views\ViewSizer.cpp">
      <Filter>Source Files</Filter>
    </ClCompile>
    <ClCompile Include="Codebase\NeuroEngine\Framework\UI\Views\ViewSlider.cpp">
      <Filter>Source Files</Filter>
    </ClCompile>
    <ClCompile Include="Codebase\NeuroEngine\Framework\UI\Views\ViewSprite.cpp">
      <Filter>Source Files</Filter>
    </ClCompile>
    <ClCompile Include="Codebase\NeuroEngine\Framework\UI\Views\ViewText.cpp">
      <Filter>Source Files</Filter>
    </ClCompile>
    <ClCompile Include="Codebase\NeuroEngine\Framework\UI\Views\ViewTextField.cpp">
      <Filter>Source Files</Filter>
    </ClCompile>
    <ClCompile Include="Codebase\NeuroEngine\Framework\UI\Views\ViewTickBox.cpp">
      <Filter>Source Files</Filter>
    </ClCompile>
    <ClCompile Include="Codebase\NeuroEngine\Framework\UI\FadeManager.cpp">
      <Filter>Source Files</Filter>
    </ClCompile>
    <ClCompile Include="Codebase\NeuroEngine\Framework\UI\Page.cpp">
      <Filter>Source Files</Filter>
    </ClCompile>
    <ClCompile Include="Codebase\NeuroEngine\Framework\UI\PageManager.cpp">
      <Filter>Source Files</Filter>
    </ClCompile>
    <ClCompile Include="Codebase\NeuroEngine\Framework\UI\View.cpp">
      <Filter>Source Files</Filter>
    </ClCompile>
    <ClCompile Include="Codebase\NeuroEngine\Framework\Utils\Blackboard.cpp">
      <Filter>Source Files</Filter>
    </ClCompile>
    <ClCompile Include="Codebase\NeuroEngine\Framework\Utils\Debug.cpp">
      <Filter>Source Files</Filter>
    </ClCompile>
    <ClCompile Include="Codebase\NeuroEngine\Framework\Utils\Hash.cpp">
      <Filter>Source Files</Filter>
    </ClCompile>
    <ClCompile Include="Codebase\NeuroEngine\Framework\Utils\MemoryExt.cpp">
      <Filter>Source Files</Filter>
    </ClCompile>
    <ClCompile Include="Codebase\NeuroEngine\Framework\Utils\Random.cpp">
      <Filter>Source Files</Filter>
    </ClCompile>
    <ClCompile Include="Codebase\NeuroEngine\Framework\Utils\Uuid.cpp">
      <Filter>Source Files</Filter>
    </ClCompile>
    <ClCompile Include="Codebase\NeuroEngine\Framework\Engine.cpp">
      <Filter>Source Files</Filter>
    </ClCompile>
    <ClCompile Include="Codebase\TileSiege\Launcher.cpp">
      <Filter>Source Files</Filter>
    </ClCompile>
    <ClCompile Include="Codebase\NeuroEngine\Main.cpp">
      <Filter>Source Files</Filter>
    </ClCompile>
    <ClCompile Include="Codebase\NeuroEngine\Framework\Math\Spatial\Rect2.cpp">
      <Filter>Source Files</Filter>
    </ClCompile>
    <ClCompile Include="Codebase\TileSiege\Camera\TopDownCamera.cpp">
      <Filter>Source Files</Filter>
    </ClCompile>
    <ClCompile Include="Codebase\TileSiege\WorldManager.cpp">
      <Filter>Source Files</Filter>
    </ClCompile>
    <ClCompile Include="Codebase\TileSiege\Input\GameInputManager.cpp">
      <Filter>Source Files</Filter>
    </ClCompile>
    <ClCompile Include="Codebase\TileSiege\Actor\ActorModule.cpp">
      <Filter>Source Files</Filter>
    </ClCompile>
    <ClCompile Include="Codebase\TileSiege\Actor\Actor.cpp">
      <Filter>Source Files</Filter>
    </ClCompile>
    <ClCompile Include="Codebase\TileSiege\Actor\Modules\ActorModulePlayerController.cpp">
      <Filter>Source Files</Filter>
    </ClCompile>
    <ClCompile Include="Codebase\NeuroEngine\Framework\Graphics\Particles\ParticleManager.cpp">
      <Filter>Source Files</Filter>
    </ClCompile>
    <ClCompile Include="Codebase\NeuroEngine\Framework\Graphics\Particles\ParticleMemoryPool.cpp">
      <Filter>Source Files</Filter>
    </ClCompile>
    <ClCompile Include="Codebase\NeuroEngine\Framework\Graphics\GL\GLShaderStorageBuffer.cpp">
      <Filter>Source Files</Filter>
    </ClCompile>
    <ClCompile Include="Codebase\NeuroEngine\Framework\Graphics\GPUGradient.cpp">
      <Filter>Source Files</Filter>
    </ClCompile>
    <ClCompile Include="Codebase\NeuroEngine\Framework\Graphics\GL\GLUniformBuffer.cpp">
      <Filter>Source Files</Filter>
    </ClCompile>
    <ClCompile Include="Codebase\NeuroEngine\Framework\Graphics\VertexFormat.cpp">
      <Filter>Source Files</Filter>
    </ClCompile>
    <ClCompile Include="Codebase\TileSiege\Actor\Modules\ActorModulePositional.cpp">
      <Filter>Source Files</Filter>
    </ClCompile>
    <ClCompile Include="Codebase\TileSiege\Actor\Modules\ActorModuleRectilinearPhysicsAgent.cpp">
      <Filter>Source Files</Filter>
    </ClCompile>
  </ItemGroup>
  <ItemGroup>
    <ClInclude Include="Codebase\NeuroEngine\Framework\AI\Path\NavFlowField.hpp">
      <Filter>Header Files</Filter>
    </ClInclude>
    <ClInclude Include="Codebase\NeuroEngine\Framework\Audio\AudioManager.hpp">
      <Filter>Header Files</Filter>
    </ClInclude>
    <ClInclude Include="Codebase\NeuroEngine\Framework\Compute\ComputeManager.hpp">
      <Filter>Header Files</Filter>
    </ClInclude>
    <ClInclude Include="Codebase\NeuroEngine\Framework\Console\Commands\CommandDebugInfo.hpp">
      <Filter>Header Files</Filter>
    </ClInclude>
    <ClInclude Include="Codebase\NeuroEngine\Framework\Console\Commands\CommandQuit.hpp">
      <Filter>Header Files</Filter>
    </ClInclude>
    <ClInclude Include="Codebase\NeuroEngine\Framework\Console\ConsoleManager.hpp">
      <Filter>Header Files</Filter>
    </ClInclude>
    <ClInclude Include="Codebase\NeuroEngine\Framework\Console\ICommand.hpp">
      <Filter>Header Files</Filter>
    </ClInclude>
    <ClInclude Include="Codebase\NeuroEngine\Framework\Containers\Array.hpp">
      <Filter>Header Files</Filter>
    </ClInclude>
    <ClInclude Include="Codebase\NeuroEngine\Framework\Containers\CString.hpp">
      <Filter>Header Files</Filter>
    </ClInclude>
    <ClInclude Include="Codebase\NeuroEngine\Framework\Containers\DataStream.hpp">
      <Filter>Header Files</Filter>
    </ClInclude>
    <ClInclude Include="Codebase\NeuroEngine\Framework\Containers\Dictionary.hpp">
      <Filter>Header Files</Filter>
    </ClInclude>
    <ClInclude Include="Codebase\NeuroEngine\Framework\Containers\LinkedList.hpp">
      <Filter>Header Files</Filter>
    </ClInclude>
    <ClInclude Include="Codebase\NeuroEngine\Framework\Containers\Queue.hpp">
      <Filter>Header Files</Filter>
    </ClInclude>
    <ClInclude Include="Codebase\NeuroEngine\Framework\Containers\Set.hpp">
      <Filter>Header Files</Filter>
    </ClInclude>
    <ClInclude Include="Codebase\NeuroEngine\Framework\Containers\Stack.hpp">
      <Filter>Header Files</Filter>
    </ClInclude>
    <ClInclude Include="Codebase\NeuroEngine\Framework\Containers\StaticArray.hpp">
      <Filter>Header Files</Filter>
    </ClInclude>
    <ClInclude Include="Codebase\NeuroEngine\Framework\Containers\StaticDictionary.hpp">
      <Filter>Header Files</Filter>
    </ClInclude>
    <ClInclude Include="Codebase\NeuroEngine\Framework\Containers\Tree.hpp">
      <Filter>Header Files</Filter>
    </ClInclude>
    <ClInclude Include="Codebase\NeuroEngine\Framework\Containers\WString.hpp">
      <Filter>Header Files</Filter>
    </ClInclude>
    <ClInclude Include="Codebase\NeuroEngine\Framework\Data\Compression\CompressionManager.hpp">
      <Filter>Header Files</Filter>
    </ClInclude>
    <ClInclude Include="Codebase\NeuroEngine\Framework\Data\String\StringManager.hpp">
      <Filter>Header Files</Filter>
    </ClInclude>
    <ClInclude Include="Codebase\NeuroEngine\Framework\Data\String\StringTable.hpp">
      <Filter>Header Files</Filter>
    </ClInclude>
    <ClInclude Include="Codebase\NeuroEngine\Framework\Data\Xml\XmlManager.hpp">
      <Filter>Header Files</Filter>
    </ClInclude>
    <ClInclude Include="Codebase\NeuroEngine\Framework\Data\Xml\XmlObject.hpp">
      <Filter>Header Files</Filter>
    </ClInclude>
    <ClInclude Include="Codebase\NeuroEngine\Framework\File\Save\ISaveLoadListener.hpp">
      <Filter>Header Files</Filter>
    </ClInclude>
    <ClInclude Include="Codebase\NeuroEngine\Framework\File\Save\SaveManager.hpp">
      <Filter>Header Files</Filter>
    </ClInclude>
    <ClInclude Include="Codebase\NeuroEngine\Framework\File\FileManager.hpp">
      <Filter>Header Files</Filter>
    </ClInclude>
    <ClInclude Include="Codebase\NeuroEngine\Framework\File\FileStream.hpp">
      <Filter>Header Files</Filter>
    </ClInclude>
    <ClInclude Include="Codebase\NeuroEngine\Framework\Graphics\Filter\GaussianBlurFilter.hpp">
      <Filter>Header Files</Filter>
    </ClInclude>
    <ClInclude Include="Codebase\NeuroEngine\Framework\Graphics\Filter\ImageFilterManager.hpp">
      <Filter>Header Files</Filter>
    </ClInclude>
    <ClInclude Include="Codebase\NeuroEngine\Framework\Graphics\GL\GLDraw.hpp">
      <Filter>Header Files</Filter>
    </ClInclude>
    <ClInclude Include="Codebase\NeuroEngine\Framework\Graphics\GL\GLEnums.hpp">
      <Filter>Header Files</Filter>
    </ClInclude>
    <ClInclude Include="Codebase\NeuroEngine\Framework\Graphics\GL\GLMesh.hpp">
      <Filter>Header Files</Filter>
    </ClInclude>
    <ClInclude Include="Codebase\NeuroEngine\Framework\Graphics\GL\GLMeshIndexed.hpp">
      <Filter>Header Files</Filter>
    </ClInclude>
    <ClInclude Include="Codebase\NeuroEngine\Framework\Graphics\GL\GLObj.hpp">
      <Filter>Header Files</Filter>
    </ClInclude>
    <ClInclude Include="Codebase\NeuroEngine\Framework\Graphics\GL\GLRenderTexture.hpp">
      <Filter>Header Files</Filter>
    </ClInclude>
    <ClInclude Include="Codebase\NeuroEngine\Framework\Graphics\GL\GLShader.hpp">
      <Filter>Header Files</Filter>
    </ClInclude>
    <ClInclude Include="Codebase\NeuroEngine\Framework\Graphics\GL\GLTexture.hpp">
      <Filter>Header Files</Filter>
    </ClInclude>
    <ClInclude Include="Codebase\NeuroEngine\Framework\Graphics\GL\PrecompiledHeaderGL.hpp">
      <Filter>Header Files</Filter>
    </ClInclude>
    <ClInclude Include="Codebase\NeuroEngine\Framework\Graphics\Particles\Emitter.hpp">
      <Filter>Header Files</Filter>
    </ClInclude>
    <ClInclude Include="Codebase\NeuroEngine\Framework\Graphics\Particles\EmitterInfo.hpp">
      <Filter>Header Files</Filter>
    </ClInclude>
    <ClInclude Include="Codebase\NeuroEngine\Framework\Graphics\Particles\Particle.hpp">
      <Filter>Header Files</Filter>
    </ClInclude>
    <ClInclude Include="Codebase\NeuroEngine\Framework\Graphics\Particles\ParticleSystem.hpp">
      <Filter>Header Files</Filter>
    </ClInclude>
    <ClInclude Include="Codebase\NeuroEngine\Framework\Graphics\Vector\VectorEllipse.hpp">
      <Filter>Header Files</Filter>
    </ClInclude>
    <ClInclude Include="Codebase\NeuroEngine\Framework\Graphics\Vector\VectorGraphic.hpp">
      <Filter>Header Files</Filter>
    </ClInclude>
    <ClInclude Include="Codebase\NeuroEngine\Framework\Graphics\Vector\VectorShape.hpp">
      <Filter>Header Files</Filter>
    </ClInclude>
    <ClInclude Include="Codebase\NeuroEngine\Framework\Graphics\GraphicsManager.hpp">
      <Filter>Header Files</Filter>
    </ClInclude>
    <ClInclude Include="Codebase\NeuroEngine\Framework\Graphics\NineSpriteSheet.hpp">
      <Filter>Header Files</Filter>
    </ClInclude>
    <ClInclude Include="Codebase\NeuroEngine\Framework\Graphics\SpriteSheet.hpp">
      <Filter>Header Files</Filter>
    </ClInclude>
    <ClInclude Include="Codebase\NeuroEngine\Framework\Graphics\VertexBuffer.hpp">
      <Filter>Header Files</Filter>
    </ClInclude>
    <ClInclude Include="Codebase\NeuroEngine\Framework\Input\CommandLineManager.hpp">
      <Filter>Header Files</Filter>
    </ClInclude>
    <ClInclude Include="Codebase\NeuroEngine\Framework\Input\InputManager.hpp">
      <Filter>Header Files</Filter>
    </ClInclude>
    <ClInclude Include="Codebase\NeuroEngine\Framework\Math\Colour\Colour.hpp">
      <Filter>Header Files</Filter>
    </ClInclude>
    <ClInclude Include="Codebase\NeuroEngine\Framework\Math\Curve\Bezier.hpp">
      <Filter>Header Files</Filter>
    </ClInclude>
    <ClInclude Include="Codebase\NeuroEngine\Framework\Math\Linear\Vector2.hpp">
      <Filter>Header Files</Filter>
    </ClInclude>
    <ClInclude Include="Codebase\NeuroEngine\Framework\Math\Relationship\Graph.hpp">
      <Filter>Header Files</Filter>
    </ClInclude>
    <ClInclude Include="Codebase\NeuroEngine\Framework\Math\Convert.hpp">
      <Filter>Header Files</Filter>
    </ClInclude>
    <ClInclude Include="Codebase\NeuroEngine\Framework\Math\Gradient.hpp">
      <Filter>Header Files</Filter>
    </ClInclude>
    <ClInclude Include="Codebase\NeuroEngine\Framework\Math\Math.hpp">
      <Filter>Header Files</Filter>
    </ClInclude>
    <ClInclude Include="Codebase\NeuroEngine\Framework\Math\RandomRange.hpp">
      <Filter>Header Files</Filter>
    </ClInclude>
    <ClInclude Include="Codebase\NeuroEngine\Framework\Physics\RectilinearPhysicsSystem.hpp">
      <Filter>Header Files</Filter>
    </ClInclude>
    <ClInclude Include="Codebase\NeuroEngine\Framework\Platform\Platform.hpp">
      <Filter>Header Files</Filter>
    </ClInclude>
    <ClInclude Include="Codebase\NeuroEngine\Framework\Procedural\Maze.hpp">
      <Filter>Header Files</Filter>
    </ClInclude>
    <ClInclude Include="Codebase\NeuroEngine\Framework\Template\Manager.hpp">
      <Filter>Header Files</Filter>
    </ClInclude>
    <ClInclude Include="Codebase\NeuroEngine\Framework\Template\Registry.hpp">
      <Filter>Header Files</Filter>
    </ClInclude>
    <ClInclude Include="Codebase\NeuroEngine\Framework\Template\Serialisable.hpp">
      <Filter>Header Files</Filter>
    </ClInclude>
    <ClInclude Include="Codebase\NeuroEngine\Framework\Template\Singleton.hpp">
      <Filter>Header Files</Filter>
    </ClInclude>
    <ClInclude Include="Codebase\NeuroEngine\Framework\Template\StateMachine.hpp">
      <Filter>Header Files</Filter>
    </ClInclude>
    <ClInclude Include="Codebase\NeuroEngine\Framework\Template\StringRepresentable.hpp">
      <Filter>Header Files</Filter>
    </ClInclude>
    <ClInclude Include="Codebase\NeuroEngine\Framework\Template\System.hpp">
      <Filter>Header Files</Filter>
    </ClInclude>
    <ClInclude Include="Codebase\NeuroEngine\Framework\Template\Toggleable.hpp">
      <Filter>Header Files</Filter>
    </ClInclude>
    <ClInclude Include="Codebase\NeuroEngine\Framework\Template\Validatable.hpp">
      <Filter>Header Files</Filter>
    </ClInclude>
    <ClInclude Include="Codebase\NeuroEngine\Framework\Thread\ConditionVariable.hpp">
      <Filter>Header Files</Filter>
    </ClInclude>
    <ClInclude Include="Codebase\NeuroEngine\Framework\Thread\Mutex.hpp">
      <Filter>Header Files</Filter>
    </ClInclude>
    <ClInclude Include="Codebase\NeuroEngine\Framework\Thread\ThreadManager.hpp">
      <Filter>Header Files</Filter>
    </ClInclude>
    <ClInclude Include="Codebase\NeuroEngine\Framework\Time\Time.hpp">
      <Filter>Header Files</Filter>
    </ClInclude>
    <ClInclude Include="Codebase\NeuroEngine\Framework\Time\TimePoint.hpp">
      <Filter>Header Files</Filter>
    </ClInclude>
    <ClInclude Include="Codebase\NeuroEngine\Framework\Time\Timer.hpp">
      <Filter>Header Files</Filter>
    </ClInclude>
    <ClInclude Include="Codebase\NeuroEngine\Framework\UI\Pages\PageConsole.hpp">
      <Filter>Header Files</Filter>
    </ClInclude>
    <ClInclude Include="Codebase\NeuroEngine\Framework\UI\Views\ViewButton.hpp">
      <Filter>Header Files</Filter>
    </ClInclude>
    <ClInclude Include="Codebase\NeuroEngine\Framework\UI\Views\ViewColour.hpp">
      <Filter>Header Files</Filter>
    </ClInclude>
    <ClInclude Include="Codebase\NeuroEngine\Framework\UI\Views\ViewDraggable.hpp">
      <Filter>Header Files</Filter>
    </ClInclude>
    <ClInclude Include="Codebase\NeuroEngine\Framework\UI\Views\ViewDropTarget.hpp">
      <Filter>Header Files</Filter>
    </ClInclude>
    <ClInclude Include="Codebase\NeuroEngine\Framework\UI\Views\ViewFlyoutMenu.hpp">
      <Filter>Header Files</Filter>
    </ClInclude>
    <ClInclude Include="Codebase\NeuroEngine\Framework\UI\Views\ViewListSelector.hpp">
      <Filter>Header Files</Filter>
    </ClInclude>
    <ClInclude Include="Codebase\NeuroEngine\Framework\UI\Views\ViewRectangles.hpp">
      <Filter>Header Files</Filter>
    </ClInclude>
    <ClInclude Include="Codebase\NeuroEngine\Framework\UI\Views\ViewSizer.hpp">
      <Filter>Header Files</Filter>
    </ClInclude>
    <ClInclude Include="Codebase\NeuroEngine\Framework\UI\Views\ViewSlider.hpp">
      <Filter>Header Files</Filter>
    </ClInclude>
    <ClInclude Include="Codebase\NeuroEngine\Framework\UI\Views\ViewSprite.hpp">
      <Filter>Header Files</Filter>
    </ClInclude>
    <ClInclude Include="Codebase\NeuroEngine\Framework\UI\Views\ViewText.hpp">
      <Filter>Header Files</Filter>
    </ClInclude>
    <ClInclude Include="Codebase\NeuroEngine\Framework\UI\Views\ViewTextField.hpp">
      <Filter>Header Files</Filter>
    </ClInclude>
    <ClInclude Include="Codebase\NeuroEngine\Framework\UI\Views\ViewTickBox.hpp">
      <Filter>Header Files</Filter>
    </ClInclude>
    <ClInclude Include="Codebase\NeuroEngine\Framework\UI\FadeManager.hpp">
      <Filter>Header Files</Filter>
    </ClInclude>
    <ClInclude Include="Codebase\NeuroEngine\Framework\UI\Page.hpp">
      <Filter>Header Files</Filter>
    </ClInclude>
    <ClInclude Include="Codebase\NeuroEngine\Framework\UI\PageManager.hpp">
      <Filter>Header Files</Filter>
    </ClInclude>
    <ClInclude Include="Codebase\NeuroEngine\Framework\UI\View.hpp">
      <Filter>Header Files</Filter>
    </ClInclude>
    <ClInclude Include="Codebase\NeuroEngine\Framework\Utils\Allocator.hpp">
      <Filter>Header Files</Filter>
    </ClInclude>
    <ClInclude Include="Codebase\NeuroEngine\Framework\Utils\BitField.hpp">
      <Filter>Header Files</Filter>
    </ClInclude>
    <ClInclude Include="Codebase\NeuroEngine\Framework\Utils\Blackboard.hpp">
      <Filter>Header Files</Filter>
    </ClInclude>
    <ClInclude Include="Codebase\NeuroEngine\Framework\Utils\Debug.hpp">
      <Filter>Header Files</Filter>
    </ClInclude>
    <ClInclude Include="Codebase\NeuroEngine\Framework\Utils\Enum.hpp">
      <Filter>Header Files</Filter>
    </ClInclude>
    <ClInclude Include="Codebase\NeuroEngine\Framework\Utils\Exception.hpp">
      <Filter>Header Files</Filter>
    </ClInclude>
    <ClInclude Include="Codebase\NeuroEngine\Framework\Utils\Function.hpp">
      <Filter>Header Files</Filter>
    </ClInclude>
    <ClInclude Include="Codebase\NeuroEngine\Framework\Utils\Hash.hpp">
      <Filter>Header Files</Filter>
    </ClInclude>
    <ClInclude Include="Codebase\NeuroEngine\Framework\Utils\InitialiserList.hpp">
      <Filter>Header Files</Filter>
    </ClInclude>
    <ClInclude Include="Codebase\NeuroEngine\Framework\Utils\Memory.hpp">
      <Filter>Header Files</Filter>
    </ClInclude>
    <ClInclude Include="Codebase\NeuroEngine\Framework\Utils\MemoryExt.hpp">
      <Filter>Header Files</Filter>
    </ClInclude>
    <ClInclude Include="Codebase\NeuroEngine\Framework\Utils\MemoryOps.hpp">
      <Filter>Header Files</Filter>
    </ClInclude>
    <ClInclude Include="Codebase\NeuroEngine\Framework\Utils\Random.hpp">
      <Filter>Header Files</Filter>
    </ClInclude>
    <ClInclude Include="Codebase\NeuroEngine\Framework\Utils\Shorthand.hpp">
      <Filter>Header Files</Filter>
    </ClInclude>
    <ClInclude Include="Codebase\NeuroEngine\Framework\Utils\Tuple.hpp">
      <Filter>Header Files</Filter>
    </ClInclude>
    <ClInclude Include="Codebase\NeuroEngine\Framework\Utils\TypeTraits.hpp">
      <Filter>Header Files</Filter>
    </ClInclude>
    <ClInclude Include="Codebase\NeuroEngine\Framework\Utils\Uuid.hpp">
      <Filter>Header Files</Filter>
    </ClInclude>
    <ClInclude Include="Codebase\NeuroEngine\Framework\Utils\VFormat.hpp">
      <Filter>Header Files</Filter>
    </ClInclude>
    <ClInclude Include="Codebase\NeuroEngine\Framework\ApplicationContext.hpp">
      <Filter>Header Files</Filter>
    </ClInclude>
    <ClInclude Include="Codebase\NeuroEngine\Framework\Engine.hpp">
      <Filter>Header Files</Filter>
    </ClInclude>
    <ClInclude Include="Codebase\NeuroEngine\Main.hpp">
      <Filter>Header Files</Filter>
    </ClInclude>
    <ClInclude Include="Codebase\NeuroEngine\Framework\Math\Spatial\Rect2.hpp">
      <Filter>Header Files</Filter>
    </ClInclude>
    <ClInclude Include="Codebase\NeuroEngine\Framework\Math\Relationship\RelationMatrix.hpp">
      <Filter>Header Files</Filter>
    </ClInclude>
    <ClInclude Include="Codebase\TileSiege\Camera\TopDownCamera.hpp">
      <Filter>Header Files</Filter>
    </ClInclude>
    <ClInclude Include="Codebase\TileSiege\WorldManager.hpp">
      <Filter>Header Files</Filter>
    </ClInclude>
    <ClInclude Include="Codebase\TileSiege\Input\GameInputManager.hpp">
      <Filter>Header Files</Filter>
    </ClInclude>
    <ClInclude Include="Codebase\TileSiege\Actor\ActorModule.hpp">
      <Filter>Header Files</Filter>
    </ClInclude>
    <ClInclude Include="Codebase\TileSiege\Actor\Actor.hpp">
      <Filter>Header Files</Filter>
    </ClInclude>
    <ClInclude Include="Codebase\TileSiege\Actor\Modules\ActorModulePlayerController.hpp">
      <Filter>Header Files</Filter>
    </ClInclude>
    <ClInclude Include="Codebase\NeuroEngine\Framework\Graphics\Particles\ParticleManager.hpp">
      <Filter>Header Files</Filter>
    </ClInclude>
    <ClInclude Include="Codebase\NeuroEngine\Framework\Graphics\Particles\ParticleMemoryPool.hpp">
      <Filter>Header Files</Filter>
    </ClInclude>
    <ClInclude Include="Codebase\NeuroEngine\Framework\Compute\ComputePrecompiled.hpp">
      <Filter>Header Files</Filter>
    </ClInclude>
    <ClInclude Include="Codebase\NeuroEngine\Framework\Graphics\GL\GLShaderStorageBuffer.hpp">
      <Filter>Header Files</Filter>
    </ClInclude>
    <ClInclude Include="Codebase\NeuroEngine\Framework\Graphics\GPUGradient.hpp">
      <Filter>Header Files</Filter>
    </ClInclude>
    <ClInclude Include="Codebase\NeuroEngine\Framework\Graphics\GL\GLUniformBuffer.hpp">
      <Filter>Header Files</Filter>
    </ClInclude>
    <ClInclude Include="Codebase\NeuroEngine\Framework\Graphics\VertexFormat.hpp">
      <Filter>Header Files</Filter>
    </ClInclude>
    <ClInclude Include="Codebase\TileSiege\Actor\Modules\ActorModulePositional.hpp">
      <Filter>Header Files</Filter>
    </ClInclude>
    <ClInclude Include="Codebase\TileSiege\Actor\Modules\ActorModuleRectilinearPhysicsAgent.hpp">
      <Filter>Header Files</Filter>
    </ClInclude>
  </ItemGroup>
  <ItemGroup>
    <Text Include="Upcoming Feature List.txt" />
  </ItemGroup>
  <ItemGroup>
    <None Include="res\kernels\builtin\gfx_particle.cl" />
  </ItemGroup>
</Project>